
Microsoft Visual Studio Solution File, Format Version 12.00
# Visual Studio Version 17
VisualStudioVersion = 17.6.33723.286
MinimumVisualStudioVersion = 10.0.40219.1
Project("{FAE04EC0-301F-11D3-BF4B-00C04F79EFBC}") = "inputs", "inputs.csproj", "{B410DC56-E76F-429A-A317-11B927CCF40F}"
EndProject
Global
	GlobalSection(SolutionConfigurationPlatforms) = preSolution
		Debug|Any CPU = Debug|Any CPU
		Release|Any CPU = Release|Any CPU
	EndGlobalSection
	GlobalSection(ProjectConfigurationPlatforms) = postSolution
		{B410DC56-E76F-429A-A317-11B927CCF40F}.Debug|Any CPU.ActiveCfg = Debug|Any CPU
		{B410DC56-E76F-429A-A317-11B927CCF40F}.Debug|Any CPU.Build.0 = Debug|Any CPU
		{B410DC56-E76F-429A-A317-11B927CCF40F}.Release|Any CPU.ActiveCfg = Release|Any CPU
		{B410DC56-E76F-429A-A317-11B927CCF40F}.Release|Any CPU.Build.0 = Release|Any CPU
	EndGlobalSection
	GlobalSection(SolutionProperties) = preSolution
		HideSolutionNode = FALSE
	EndGlobalSection
	GlobalSection(ExtensibilityGlobals) = postSolution
		SolutionGuid = {5E0195E5-32A6-4BED-BCA3-AB17966F32B7}
	EndGlobalSection
EndGlobal
